PODS:
  - AAInfographics (5.0.4)
  - Realm (10.5.1):
    - Realm/Headers (= 10.5.1)
  - Realm/Headers (10.5.1)
  - RealmSwift (10.5.1):
    - Realm (= 10.5.1)

DEPENDENCIES:
  - AAInfographics
  - RealmSwift

SPEC REPOS:
  trunk:
    - AAInfographics
    - Realm
    - RealmSwift

SPEC CHECKSUMS:
  AAInfographics: 70e147c66171d9cb9a9398cda74b0f8dbdc16d8b
  Realm: 77fcb4e0b9f2963ea06f584749a0d7dc9cab95e1
  RealmSwift: 6abe6aa6cd8b70cc1a87afcb9232cabea74ff1ac

PODFILE CHECKSUM: 55a3ef56df6b465f03b28008a83fe2436be05ee4

COCOAPODS: 1.10.0
